
Microsoft Visual Studio Solution File, Format Version 12.00
# Visual Studio 2013
VisualStudioVersion = 12.0.40629.0
MinimumVisualStudioVersion = 10.0.40219.1
Project("{FAE04EC0-301F-11D3-BF4B-00C04F79EFBC}") = "BowlingGame", "BowlingGame\BowlingGame.csproj", "{469AC4B4-7457-437A-889C-EE66166D683C}"
EndProject
Project("{FAE04EC0-301F-11D3-BF4B-00C04F79EFBC}") = "DataAccessLayer", "DataAccessLayer\DataAccessLayer.csproj", "{4E10188D-DD0E-4093-8811-50C94119F863}"
EndProject
Project("{FAE04EC0-301F-11D3-BF4B-00C04F79EFBC}") = "BusinessEntityServices", "BusinessEntityServices\BusinessEntityServices.csproj", "{ED3DE16A-F26D-4804-BDE7-624BB6691F14}"
EndProject
Project("{FAE04EC0-301F-11D3-BF4B-00C04F79EFBC}") = "BusinessComponents", "BusinessComponents\BusinessComponents.csproj", "{727AA922-B108-4E1B-BAFD-3C4A2D268225}"
EndProject
Project("{FAE04EC0-301F-11D3-BF4B-00C04F79EFBC}") = "Log", "Log\Log.csproj", "{883D8FAB-4944-411C-9410-869B4D46E986}"
EndProject
Global
	GlobalSection(SolutionConfigurationPlatforms) = preSolution
		Debug|Any CPU = Debug|Any CPU
		Release|Any CPU = Release|Any CPU
	EndGlobalSection
	GlobalSection(ProjectConfigurationPlatforms) = postSolution
		{469AC4B4-7457-437A-889C-EE66166D683C}.Debug|Any CPU.ActiveCfg = Debug|Any CPU
		{469AC4B4-7457-437A-889C-EE66166D683C}.Debug|Any CPU.Build.0 = Debug|Any CPU
		{469AC4B4-7457-437A-889C-EE66166D683C}.Release|Any CPU.ActiveCfg = Release|Any CPU
		{469AC4B4-7457-437A-889C-EE66166D683C}.Release|Any CPU.Build.0 = Release|Any CPU
		{4E10188D-DD0E-4093-8811-50C94119F863}.Debug|Any CPU.ActiveCfg = Debug|Any CPU
		{4E10188D-DD0E-4093-8811-50C94119F863}.Debug|Any CPU.Build.0 = Debug|Any CPU
		{4E10188D-DD0E-4093-8811-50C94119F863}.Release|Any CPU.ActiveCfg = Release|Any CPU
		{4E10188D-DD0E-4093-8811-50C94119F863}.Release|Any CPU.Build.0 = Release|Any CPU
		{ED3DE16A-F26D-4804-BDE7-624BB6691F14}.Debug|Any CPU.ActiveCfg = Debug|Any CPU
		{ED3DE16A-F26D-4804-BDE7-624BB6691F14}.Debug|Any CPU.Build.0 = Debug|Any CPU
		{ED3DE16A-F26D-4804-BDE7-624BB6691F14}.Release|Any CPU.ActiveCfg = Release|Any CPU
		{ED3DE16A-F26D-4804-BDE7-624BB6691F14}.Release|Any CPU.Build.0 = Release|Any CPU
		{727AA922-B108-4E1B-BAFD-3C4A2D268225}.Debug|Any CPU.ActiveCfg = Debug|Any CPU
		{727AA922-B108-4E1B-BAFD-3C4A2D268225}.Debug|Any CPU.Build.0 = Debug|Any CPU
		{727AA922-B108-4E1B-BAFD-3C4A2D268225}.Release|Any CPU.ActiveCfg = Release|Any CPU
		{727AA922-B108-4E1B-BAFD-3C4A2D268225}.Release|Any CPU.Build.0 = Release|Any CPU
		{883D8FAB-4944-411C-9410-869B4D46E986}.Debug|Any CPU.ActiveCfg = Debug|Any CPU
		{883D8FAB-4944-411C-9410-869B4D46E986}.Debug|Any CPU.Build.0 = Debug|Any CPU
		{883D8FAB-4944-411C-9410-869B4D46E986}.Release|Any CPU.ActiveCfg = Release|Any CPU
		{883D8FAB-4944-411C-9410-869B4D46E986}.Release|Any CPU.Build.0 = Release|Any CPU
	EndGlobalSection
	GlobalSection(SolutionProperties) = preSolution
		HideSolutionNode = FALSE
	EndGlobalSection
EndGlobal
